
Microsoft Visual Studio Solution File, Format Version 12.00
# Visual Studio Version 17
VisualStudioVersion = 17.10.35027.167
MinimumVisualStudioVersion = 10.0.40219.1
Project("{FAE04EC0-301F-11D3-BF4B-00C04F79EFBC}") = "rango_fecha_hora", "rango_fecha_hora\rango_fecha_hora.csproj", "{B2275237-018D-40D5-B1C2-C97BF46CEA88}"
EndProject
Global
	GlobalSection(SolutionConfigurationPlatforms) = preSolution
		Debug|Any CPU = Debug|Any CPU
		Release|Any CPU = Release|Any CPU
	EndGlobalSection
	GlobalSection(ProjectConfigurationPlatforms) = postSolution
		{B2275237-018D-40D5-B1C2-C97BF46CEA88}.Debug|Any CPU.ActiveCfg = Debug|Any CPU
		{B2275237-018D-40D5-B1C2-C97BF46CEA88}.Debug|Any CPU.Build.0 = Debug|Any CPU
		{B2275237-018D-40D5-B1C2-C97BF46CEA88}.Release|Any CPU.ActiveCfg = Release|Any CPU
		{B2275237-018D-40D5-B1C2-C97BF46CEA88}.Release|Any CPU.Build.0 = Release|Any CPU
	EndGlobalSection
	GlobalSection(SolutionProperties) = preSolution
		HideSolutionNode = FALSE
	EndGlobalSection
	GlobalSection(ExtensibilityGlobals) = postSolution
		SolutionGuid = {DFEC3398-59DD-4835-BE70-BEE652460417}
	EndGlobalSection
EndGlobal
